
Microsoft Visual Studio Solution File, Format Version 12.00
# Visual Studio Version 17
VisualStudioVersion = 17.9.34728.123
MinimumVisualStudioVersion = 10.0.40219.1
Project("{9A19103F-16F7-4668-BE54-9A1E7A4F7556}") = "DrivingBookingSystemV2.Web", "DrivingBookingSystemV2\DrivingBookingSystemV2.Web.csproj", "{6735D7A9-790C-4734-8293-702C4979830B}"
EndProject
Project("{9A19103F-16F7-4668-BE54-9A1E7A4F7556}") = "DrivingBookingSystemV2.Application", "DrivingBookingSystemV2.Application\DrivingBookingSystemV2.Application.csproj", "{43C003B7-7B34-4FE5-9C9C-76DF513B8DFA}"
EndProject
Project("{9A19103F-16F7-4668-BE54-9A1E7A4F7556}") = "DrivingBookingSystemV2.Domain", "DrivingBookingSystemV2.Domain\DrivingBookingSystemV2.Domain.csproj", "{CADB146D-1503-4871-8190-5BB58B6F4E11}"
EndProject
Project("{9A19103F-16F7-4668-BE54-9A1E7A4F7556}") = "DrivingBookingSystemV2.Infrastructure", "DrivingBookingSystemV2.Infrastructure\DrivingBookingSystemV2.Infrastructure.csproj", "{555B5FEA-1113-400D-B33A-157C09C95252}"
EndProject
Global
	GlobalSection(SolutionConfigurationPlatforms) = preSolution
		Debug|Any CPU = Debug|Any CPU
		Release|Any CPU = Release|Any CPU
	EndGlobalSection
	GlobalSection(ProjectConfigurationPlatforms) = postSolution
		{6735D7A9-790C-4734-8293-702C4979830B}.Debug|Any CPU.ActiveCfg = Debug|Any CPU
		{6735D7A9-790C-4734-8293-702C4979830B}.Debug|Any CPU.Build.0 = Debug|Any CPU
		{6735D7A9-790C-4734-8293-702C4979830B}.Release|Any CPU.ActiveCfg = Release|Any CPU
		{6735D7A9-790C-4734-8293-702C4979830B}.Release|Any CPU.Build.0 = Release|Any CPU
		{43C003B7-7B34-4FE5-9C9C-76DF513B8DFA}.Debug|Any CPU.ActiveCfg = Debug|Any CPU
		{43C003B7-7B34-4FE5-9C9C-76DF513B8DFA}.Debug|Any CPU.Build.0 = Debug|Any CPU
		{43C003B7-7B34-4FE5-9C9C-76DF513B8DFA}.Release|Any CPU.ActiveCfg = Release|Any CPU
		{43C003B7-7B34-4FE5-9C9C-76DF513B8DFA}.Release|Any CPU.Build.0 = Release|Any CPU
		{CADB146D-1503-4871-8190-5BB58B6F4E11}.Debug|Any CPU.ActiveCfg = Debug|Any CPU
		{CADB146D-1503-4871-8190-5BB58B6F4E11}.Debug|Any CPU.Build.0 = Debug|Any CPU
		{CADB146D-1503-4871-8190-5BB58B6F4E11}.Release|Any CPU.ActiveCfg = Release|Any CPU
		{CADB146D-1503-4871-8190-5BB58B6F4E11}.Release|Any CPU.Build.0 = Release|Any CPU
		{555B5FEA-1113-400D-B33A-157C09C95252}.Debug|Any CPU.ActiveCfg = Debug|Any CPU
		{555B5FEA-1113-400D-B33A-157C09C95252}.Debug|Any CPU.Build.0 = Debug|Any CPU
		{555B5FEA-1113-400D-B33A-157C09C95252}.Release|Any CPU.ActiveCfg = Release|Any CPU
		{555B5FEA-1113-400D-B33A-157C09C95252}.Release|Any CPU.Build.0 = Release|Any CPU
	EndGlobalSection
	GlobalSection(SolutionProperties) = preSolution
		HideSolutionNode = FALSE
	EndGlobalSection
	GlobalSection(ExtensibilityGlobals) = postSolution
		SolutionGuid = {73857EA2-B90A-40D7-BC9A-8BB16E086A9A}
	EndGlobalSection
EndGlobal
